
Microsoft Visual Studio Solution File, Format Version 12.00
# Visual Studio Version 17
VisualStudioVersion = 17.7.34202.233
MinimumVisualStudioVersion = 10.0.40219.1
Project("{8BC9CEB8-8B4A-11D0-8D11-00A0C91BC942}") = "GUI2022e065_01", "GUI2022e065_01\GUI2022e065_01.vcxproj", "{2A11974B-9A2B-4F15-85D6-E54F2483C8DE}"
EndProject
Global
	GlobalSection(SolutionConfigurationPlatforms) = preSolution
		Debug|x64 = Debug|x64
		Debug|x86 = Debug|x86
		Release|x64 = Release|x64
		Release|x86 = Release|x86
	EndGlobalSection
	GlobalSection(ProjectConfigurationPlatforms) = postSolution
		{2A11974B-9A2B-4F15-85D6-E54F2483C8DE}.Debug|x64.ActiveCfg = Debug|x64
		{2A11974B-9A2B-4F15-85D6-E54F2483C8DE}.Debug|x64.Build.0 = Debug|x64
		{2A11974B-9A2B-4F15-85D6-E54F2483C8DE}.Debug|x86.ActiveCfg = Debug|Win32
		{2A11974B-9A2B-4F15-85D6-E54F2483C8DE}.Debug|x86.Build.0 = Debug|Win32
		{2A11974B-9A2B-4F15-85D6-E54F2483C8DE}.Release|x64.ActiveCfg = Release|x64
		{2A11974B-9A2B-4F15-85D6-E54F2483C8DE}.Release|x64.Build.0 = Release|x64
		{2A11974B-9A2B-4F15-85D6-E54F2483C8DE}.Release|x86.ActiveCfg = Release|Win32
		{2A11974B-9A2B-4F15-85D6-E54F2483C8DE}.Release|x86.Build.0 = Release|Win32
	EndGlobalSection
	GlobalSection(SolutionProperties) = preSolution
		HideSolutionNode = FALSE
	EndGlobalSection
	GlobalSection(ExtensibilityGlobals) = postSolution
		SolutionGuid = {2EDB040A-B416-4565-A6F3-32334CE234CD}
	EndGlobalSection
EndGlobal
